{
    "_readme": [
        "This file locks the dependencies of your project to a known state",
        "Read more about it at https://getcomposer.org/doc/01-basic-usage.md#composer-lock-the-lock-file",
        "This file is @generated automatically"
    ],
    "hash": "b8d71552b9a60526a0aab8db1242831a",
    "content-hash": "21f4bbca7424a246cf5e48c89aa88022",
    "packages": [
        {
            "name": "civicrm/civicrm-cxn-rpc",
            "version": "v0.15.12.04",
            "source": {
                "type": "git",
                "url": "https://github.com/civicrm/civicrm-cxn-rpc.git",
                "reference": "6e3a0f956860908a240758ab8c80a020549a6f03"
            },
            "dist": {
                "type": "zip",
                "url": "https://api.github.com/repos/civicrm/civicrm-cxn-rpc/zipball/6e3a0f956860908a240758ab8c80a020549a6f03",
                "reference": "6e3a0f956860908a240758ab8c80a020549a6f03",
                "shasum": ""
            },
            "require": {
                "phpseclib/phpseclib": "0.3.*",
                "psr/log": "1.0.0"
            },
            "require-dev": {
                "phpunit/phpunit": "3.7.*"
            },
            "type": "library",
            "autoload": {
                "psr-4": {
                    "Civi\\Cxn\\Rpc\\": "src/"
                }
            },
            "notification-url": "https://packagist.org/downloads/",
            "license": [
                "MIT"
            ],
            "authors": [
                {
                    "name": "Tim Otten",
                    "email": "totten@civicrm.org"
                }
            ],
            "description": "RPC library for CiviConnect",
            "time": "2015-12-05 04:41:02"
        },
        {
            "name": "dompdf/dompdf",
            "version": "v0.6.2",
            "source": {
                "type": "git",
                "url": "https://github.com/dompdf/dompdf.git",
                "reference": "cc06008f75262510ee135b8cbb14e333a309f651"
            },
            "dist": {
                "type": "zip",
                "url": "https://api.github.com/repos/dompdf/dompdf/zipball/cc06008f75262510ee135b8cbb14e333a309f651",
                "reference": "cc06008f75262510ee135b8cbb14e333a309f651",
                "shasum": ""
            },
            "require": {
                "phenx/php-font-lib": "0.2.*"
            },
            "type": "library",
            "autoload": {
                "classmap": [
                    "include/"
                ]
            },
            "notification-url": "https://packagist.org/downloads/",
            "license": [
                "LGPL"
            ],
            "authors": [
                {
                    "name": "Fabien Ménager",
                    "email": "fabien.menager@gmail.com"
                },
                {
                    "name": "Brian Sweeney",
                    "email": "eclecticgeek@gmail.com"
                }
            ],
            "description": "DOMPDF is a CSS 2.1 compliant HTML to PDF converter",
            "homepage": "https://github.com/dompdf/dompdf",
            "time": "2015-12-07 04:07:13"
        },
        {
            "name": "iats-payments/civicrm",
            "version": "1.4.2",
            "source": {
                "type": "git",
                "url": "https://github.com/iATSPayments/com.iatspayments.civicrm.git",
                "reference": "17b0edcdb056fa6257c4cd6612ff354c3f18dcce"
            },
            "dist": {
                "type": "zip",
                "url": "https://api.github.com/repos/iATSPayments/com.iatspayments.civicrm/zipball/17b0edcdb056fa6257c4cd6612ff354c3f18dcce",
                "reference": "17b0edcdb056fa6257c4cd6612ff354c3f18dcce",
                "shasum": ""
            },
            "type": "library",
            "notification-url": "https://packagist.org/downloads/",
            "license": [
                "AGPL"
            ],
            "description": "CiviCRM extension for iATS Payments",
            "time": "2015-10-30 17:48:34"
        },
        {
            "name": "phenx/php-font-lib",
            "version": "0.2.2",
            "source": {
                "type": "git",
                "url": "https://github.com/PhenX/php-font-lib.git",
                "reference": "c30c7fc00a6b0d863e9bb4c5d5dd015298b2dc82"
            },
            "dist": {
                "type": "zip",
                "url": "https://api.github.com/repos/PhenX/php-font-lib/zipball/c30c7fc00a6b0d863e9bb4c5d5dd015298b2dc82",
                "reference": "c30c7fc00a6b0d863e9bb4c5d5dd015298b2dc82",
                "shasum": ""
            },
            "type": "library",
            "autoload": {
                "classmap": [
                    "classes/"
                ]
            },
            "notification-url": "https://packagist.org/downloads/",
            "license": [
                "LGPL"
            ],
            "authors": [
                {
                    "name": "Fabien Ménager",
                    "email": "fabien.menager@gmail.com"
                }
            ],
            "description": "A library to read, parse, export and make subsets of different types of font files.",
            "homepage": "https://github.com/PhenX/php-font-lib",
            "time": "2014-02-01 15:22:28"
        },
        {
            "name": "phpseclib/phpseclib",
            "version": "0.3.10",
            "source": {
                "type": "git",
                "url": "https://github.com/phpseclib/phpseclib.git",
                "reference": "d15bba1edcc7c89e09cc74c5d961317a8b947bf4"
            },
            "dist": {
                "type": "zip",
                "url": "https://api.github.com/repos/phpseclib/phpseclib/zipball/d15bba1edcc7c89e09cc74c5d961317a8b947bf4",
                "reference": "d15bba1edcc7c89e09cc74c5d961317a8b947bf4",
                "shasum": ""
            },
            "require": {
                "php": ">=5.0.0"
            },
            "require-dev": {
                "phing/phing": "~2.7",
                "phpunit/phpunit": "~4.0",
                "sami/sami": "~2.0",
                "squizlabs/php_codesniffer": "~1.5"
            },
            "suggest": {
                "ext-gmp": "Install the GMP (GNU Multiple Precision) extension in order to speed up arbitrary precision integer arithmetic operations.",
                "ext-mcrypt": "Install the Mcrypt extension in order to speed up a wide variety of cryptographic operations.",
                "pear-pear/PHP_Compat": "Install PHP_Compat to get phpseclib working on PHP < 4.3.3."
            },
            "type": "library",
            "extra": {
                "branch-alias": {
                    "dev-master": "0.3-dev"
                }
            },
            "autoload": {
                "psr-0": {
                    "Crypt": "phpseclib/",
                    "File": "phpseclib/",
                    "Math": "phpseclib/",
                    "Net": "phpseclib/",
                    "System": "phpseclib/"
                },
                "files": [
                    "phpseclib/Crypt/Random.php"
                ]
            },
            "notification-url": "https://packagist.org/downloads/",
            "include-path": [
                "phpseclib/"
            ],
            "license": [
                "MIT"
            ],
            "authors": [
                {
                    "name": "Jim Wigginton",
                    "email": "terrafrost@php.net",
                    "role": "Lead Developer"
                },
                {
                    "name": "Patrick Monnerat",
                    "email": "pm@datasphere.ch",
                    "role": "Developer"
                },
                {
                    "name": "Andreas Fischer",
                    "email": "bantu@phpbb.com",
                    "role": "Developer"
                },
                {
                    "name": "Hans-Jürgen Petrich",
                    "email": "petrich@tronic-media.com",
                    "role": "Developer"
                }
            ],
            "description": "PHP Secure Communications Library - Pure-PHP implementations of RSA, AES, SSH2, SFTP, X.509 etc.",
            "homepage": "http://phpseclib.sourceforge.net",
            "keywords": [
                "BigInteger",
                "aes",
                "asn.1",
                "asn1",
                "blowfish",
                "crypto",
                "cryptography",
                "encryption",
                "rsa",
                "security",
                "sftp",
                "signature",
                "signing",
                "ssh",
                "twofish",
                "x.509",
                "x509"
            ],
            "time": "2015-01-28 21:50:33"
        },
        {
            "name": "psr/log",
            "version": "1.0.0",
            "source": {
                "type": "git",
                "url": "https://github.com/php-fig/log.git",
                "reference": "fe0936ee26643249e916849d48e3a51d5f5e278b"
            },
            "dist": {
                "type": "zip",
                "url": "https://api.github.com/repos/php-fig/log/zipball/fe0936ee26643249e916849d48e3a51d5f5e278b",
                "reference": "fe0936ee26643249e916849d48e3a51d5f5e278b",
                "shasum": ""
            },
            "type": "library",
            "autoload": {
                "psr-0": {
                    "Psr\\Log\\": ""
                }
            },
            "notification-url": "https://packagist.org/downloads/",
            "license": [
                "MIT"
            ],
            "authors": [
                {
                    "name": "PHP-FIG",
                    "homepage": "http://www.php-fig.org/"
                }
            ],
            "description": "Common interface for logging libraries",
            "keywords": [
                "log",
                "psr",
                "psr-3"
            ],
            "time": "2012-12-21 11:40:51"
        },
        {
            "name": "symfony/config",
            "version": "v2.5.12",
            "target-dir": "Symfony/Component/Config",
            "source": {
                "type": "git",
                "url": "https://github.com/symfony/config.git",
                "reference": "c7309e33b719433d5cf3845d0b5b9608609d8c8e"
            },
            "dist": {
                "type": "zip",
                "url": "https://api.github.com/repos/symfony/config/zipball/c7309e33b719433d5cf3845d0b5b9608609d8c8e",
                "reference": "c7309e33b719433d5cf3845d0b5b9608609d8c8e",
                "shasum": ""
            },
            "require": {
                "php": ">=5.3.3",
                "symfony/filesystem": "~2.3"
            },
            "type": "library",
            "extra": {
                "branch-alias": {
                    "dev-master": "2.5-dev"
                }
            },
            "autoload": {
                "psr-0": {
                    "Symfony\\Component\\Config\\": ""
                }
            },
            "notification-url": "https://packagist.org/downloads/",
            "license": [
                "MIT"
            ],
            "authors": [
                {
                    "name": "Symfony Community",
                    "homepage": "http://symfony.com/contributors"
                },
                {
                    "name": "Fabien Potencier",
                    "email": "fabien@symfony.com"
                }
            ],
            "description": "Symfony Config Component",
            "homepage": "http://symfony.com",
            "time": "2015-01-03 08:01:13"
        },
        {
            "name": "symfony/dependency-injection",
            "version": "v2.5.12",
            "target-dir": "Symfony/Component/DependencyInjection",
            "source": {
                "type": "git",
                "url": "https://github.com/symfony/dependency-injection.git",
                "reference": "c42aee05b466cc9c66b87ddf7d263402befb6962"
            },
            "dist": {
                "type": "zip",
                "url": "https://api.github.com/repos/symfony/dependency-injection/zipball/c42aee05b466cc9c66b87ddf7d263402befb6962",
                "reference": "c42aee05b466cc9c66b87ddf7d263402befb6962",
                "shasum": ""
            },
            "require": {
                "php": ">=5.3.3"
            },
            "require-dev": {
                "symfony/config": "~2.2",
                "symfony/expression-language": "~2.4,>=2.4.10",
                "symfony/yaml": "~2.1"
            },
            "suggest": {
                "symfony/config": "",
                "symfony/proxy-manager-bridge": "Generate service proxies to lazy load them",
                "symfony/yaml": ""
            },
            "type": "library",
            "extra": {
                "branch-alias": {
                    "dev-master": "2.5-dev"
                }
            },
            "autoload": {
                "psr-0": {
                    "Symfony\\Component\\DependencyInjection\\": ""
                }
            },
            "notification-url": "https://packagist.org/downloads/",
            "license": [
                "MIT"
            ],
            "authors": [
                {
                    "name": "Symfony Community",
                    "homepage": "http://symfony.com/contributors"
                },
                {
                    "name": "Fabien Potencier",
                    "email": "fabien@symfony.com"
                }
            ],
            "description": "Symfony DependencyInjection Component",
            "homepage": "http://symfony.com",
            "time": "2015-01-25 04:37:39"
        },
        {
            "name": "symfony/event-dispatcher",
            "version": "v2.5.12",
            "target-dir": "Symfony/Component/EventDispatcher",
            "source": {
                "type": "git",
                "url": "https://github.com/symfony/event-dispatcher.git",
                "reference": "af6eb6a9a1a3b411facfd8e7e3f82a6be7919c04"
            },
            "dist": {
                "type": "zip",
                "url": "https://api.github.com/repos/symfony/event-dispatcher/zipball/af6eb6a9a1a3b411facfd8e7e3f82a6be7919c04",
                "reference": "af6eb6a9a1a3b411facfd8e7e3f82a6be7919c04",
                "shasum": ""
            },
            "require": {
                "php": ">=5.3.3"
            },
            "require-dev": {
                "psr/log": "~1.0",
                "symfony/config": "~2.0,>=2.0.5",
                "symfony/dependency-injection": "~2.0,>=2.0.5,<2.6.0",
                "symfony/stopwatch": "~2.3"
            },
            "suggest": {
                "symfony/dependency-injection": "",
                "symfony/http-kernel": ""
            },
            "type": "library",
            "extra": {
                "branch-alias": {
                    "dev-master": "2.5-dev"
                }
            },
            "autoload": {
                "psr-0": {
                    "Symfony\\Component\\EventDispatcher\\": ""
                }
            },
            "notification-url": "https://packagist.org/downloads/",
            "license": [
                "MIT"
            ],
            "authors": [
                {
                    "name": "Symfony Community",
                    "homepage": "http://symfony.com/contributors"
                },
                {
                    "name": "Fabien Potencier",
                    "email": "fabien@symfony.com"
                }
            ],
            "description": "Symfony EventDispatcher Component",
            "homepage": "http://symfony.com",
            "time": "2015-01-29 18:20:43"
        },
        {
            "name": "symfony/filesystem",
            "version": "v2.5.12",
            "target-dir": "Symfony/Component/Filesystem",
            "source": {
                "type": "git",
                "url": "https://github.com/symfony/filesystem.git",
                "reference": "d3c24d7d6e9c342008d8421b2fade460311647ea"
            },
            "dist": {
                "type": "zip",
                "url": "https://api.github.com/repos/symfony/filesystem/zipball/d3c24d7d6e9c342008d8421b2fade460311647ea",
                "reference": "d3c24d7d6e9c342008d8421b2fade460311647ea",
                "shasum": ""
            },
            "require": {
                "php": ">=5.3.3"
            },
            "type": "library",
            "extra": {
                "branch-alias": {
                    "dev-master": "2.5-dev"
                }
            },
            "autoload": {
                "psr-0": {
                    "Symfony\\Component\\Filesystem\\": ""
                }
            },
            "notification-url": "https://packagist.org/downloads/",
            "license": [
                "MIT"
            ],
            "authors": [
                {
                    "name": "Symfony Community",
                    "homepage": "http://symfony.com/contributors"
                },
                {
                    "name": "Fabien Potencier",
                    "email": "fabien@symfony.com"
                }
            ],
            "description": "Symfony Filesystem Component",
            "homepage": "http://symfony.com",
            "time": "2015-01-03 21:04:44"
        },
        {
            "name": "symfony/finder",
            "version": "v2.5.12",
            "target-dir": "Symfony/Component/Finder",
            "source": {
                "type": "git",
                "url": "https://github.com/symfony/Finder.git",
                "reference": "e527ebf47ff912a45e148b7d0b107b80ec0b3cc2"
            },
            "dist": {
                "type": "zip",
                "url": "https://api.github.com/repos/symfony/Finder/zipball/e527ebf47ff912a45e148b7d0b107b80ec0b3cc2",
                "reference": "e527ebf47ff912a45e148b7d0b107b80ec0b3cc2",
                "shasum": ""
            },
            "require": {
                "php": ">=5.3.3"
            },
            "type": "library",
            "extra": {
                "branch-alias": {
                    "dev-master": "2.5-dev"
                }
            },
            "autoload": {
                "psr-0": {
                    "Symfony\\Component\\Finder\\": ""
                }
            },
            "notification-url": "https://packagist.org/downloads/",
            "license": [
                "MIT"
            ],
            "authors": [
                {
                    "name": "Symfony Community",
                    "homepage": "http://symfony.com/contributors"
                },
                {
                    "name": "Fabien Potencier",
                    "email": "fabien@symfony.com"
                }
            ],
            "description": "Symfony Finder Component",
            "homepage": "http://symfony.com",
            "time": "2015-01-03 08:01:13"
        },
        {
            "name": "symfony/process",
            "version": "v2.5.12",
            "target-dir": "Symfony/Component/Process",
            "source": {
                "type": "git",
                "url": "https://github.com/symfony/Process.git",
                "reference": "00a1308e8b5aec5eba7c8f1708426a78f929be8c"
            },
            "dist": {
                "type": "zip",
                "url": "https://api.github.com/repos/symfony/Process/zipball/00a1308e8b5aec5eba7c8f1708426a78f929be8c",
                "reference": "00a1308e8b5aec5eba7c8f1708426a78f929be8c",
                "shasum": ""
            },
            "require": {
                "php": ">=5.3.3"
            },
            "type": "library",
            "extra": {
                "branch-alias": {
                    "dev-master": "2.5-dev"
                }
            },
            "autoload": {
                "psr-0": {
                    "Symfony\\Component\\Process\\": ""
                }
            },
            "notification-url": "https://packagist.org/downloads/",
            "license": [
                "MIT"
            ],
            "authors": [
                {
                    "name": "Symfony Community",
                    "homepage": "http://symfony.com/contributors"
                },
                {
                    "name": "Fabien Potencier",
                    "email": "fabien@symfony.com"
                }
            ],
            "description": "Symfony Process Component",
            "homepage": "http://symfony.com",
            "time": "2015-02-08 07:07:45"
        },
        {
            "name": "totten/ca-config",
            "version": "v13.02.0",
            "source": {
                "type": "git",
                "url": "https://github.com/totten/ca_config.git",
                "reference": "7a51033f4e18c1ac846a16c6de16050e735b01cf"
            },
            "dist": {
                "type": "zip",
                "url": "https://api.github.com/repos/totten/ca_config/zipball/7a51033f4e18c1ac846a16c6de16050e735b01cf",
                "reference": "7a51033f4e18c1ac846a16c6de16050e735b01cf",
                "shasum": ""
            },
            "require": {
                "php": ">=5.2"
            },
            "type": "library",
            "autoload": {
                "psr-0": {
                    "CA_Config": "src/"
                }
            },
            "notification-url": "https://packagist.org/downloads/",
            "license": [
                "BSD-2-Clause"
            ],
            "authors": [
                {
                    "name": "Tim Otten",
                    "email": "to-git@think.hm"
                }
            ],
            "description": "Default configuration for certificate authorities",
            "homepage": "https://github.com/totten/ca_config",
            "time": "2013-02-13 03:40:18"
        }
    ],
    "packages-dev": [],
    "aliases": [],
    "minimum-stability": "stable",
    "stability-flags": [],
    "prefer-stable": false,
    "prefer-lowest": false,
    "platform": [],
    "platform-dev": []
}
