{
    "hash": "ed8387104a34a95257dc898fcc0b1025",
    "packages": [
        {
            "name": "totten/jira-api-restclient",
            "version": "0.1",
            "source": {
                "type": "git",
                "url": "git://github.com/totten/jira-api-restclient.git",
                "reference": "origin/anonymous"
            },
            "type": "library"
        }
    ],
    "packages-dev": [

    ],
    "aliases": [

    ],
    "minimum-stability": "stable",
    "stability-flags": [

    ],
    "platform": {
        "php": ">=5.3"
    },
    "platform-dev": [

    ]
}
