{
  "name": "afform_html",
  "version": "0.0.1",
  "lockfileVersion": 1,
  "requires": true,
  "dependencies": {
    "monaco-editor": {
      "version": "0.16.2",
      "resolved": "https://registry.npmjs.org/monaco-editor/-/monaco-editor-0.16.2.tgz",
      "integrity": "sha512-NtGrFzf54jADe7qsWh3lazhS7Kj0XHkJUGBq9fA/Jbwc+sgVcyfsYF6z2AQ7hPqDC+JmdOt/OwFjBnRwqXtx6w=="
    }
  }
}
