{
    "_readme": [
        "This file locks the dependencies of your project to a known state",
        "Read more about it at https://getcomposer.org/doc/01-basic-usage.md#installing-dependencies",
        "This file is @generated automatically"
    ],
    "content-hash": "c368696aa8373f894cf4df8a19b42742",
    "packages": [
        {
            "name": "civicrm/composer-downloads-plugin",
            "version": "v2.1.1",
            "source": {
                "type": "git",
                "url": "https://github.com/civicrm/composer-downloads-plugin.git",
                "reference": "8722bc7d547315be39397a3078bb51ee053ca269"
            },
            "dist": {
                "type": "zip",
                "url": "https://api.github.com/repos/civicrm/composer-downloads-plugin/zipball/8722bc7d547315be39397a3078bb51ee053ca269",
                "reference": "8722bc7d547315be39397a3078bb51ee053ca269",
                "shasum": ""
            },
            "require": {
                "composer-plugin-api": "^1.1",
                "php": ">=5.6",
                "togos/gitignore": "~1.1.1"
            },
            "require-dev": {
                "composer/composer": "~1.0",
                "friendsofphp/php-cs-fixer": "^2.3",
                "phpunit/phpunit": "^5.7",
                "totten/process-helper": "^1.0.1"
            },
            "type": "composer-plugin",
            "extra": {
                "class": "LastCall\\DownloadsPlugin\\Plugin"
            },
            "autoload": {
                "psr-4": {
                    "LastCall\\DownloadsPlugin\\": "src/"
                }
            },
            "notification-url": "https://packagist.org/downloads/",
            "license": [
                "MIT"
            ],
            "authors": [
                {
                    "name": "Rob Bayliss",
                    "email": "rob@lastcallmedia.com"
                },
                {
                    "name": "Tim Otten",
                    "email": "totten@civicrm.org"
                }
            ],
            "description": "Composer plugin for downloading additional files within any composer package.",
            "time": "2019-08-28T00:33:51+00:00"
        },
        {
            "name": "togos/gitignore",
            "version": "1.1.1",
            "source": {
                "type": "git",
                "url": "https://github.com/TOGoS/PHPGitIgnore.git",
                "reference": "32bc0830e4123f670adcbf5ddda5bef362f4f4d4"
            },
            "dist": {
                "type": "zip",
                "url": "https://api.github.com/repos/TOGoS/PHPGitIgnore/zipball/32bc0830e4123f670adcbf5ddda5bef362f4f4d4",
                "reference": "32bc0830e4123f670adcbf5ddda5bef362f4f4d4",
                "shasum": ""
            },
            "require": {
                "php": ">=5.2"
            },
            "require-dev": {
                "togos/simpler-test": "1.1.1"
            },
            "type": "library",
            "autoload": {
                "psr-0": {
                    "TOGoS_GitIgnore_": "src/main/php/"
                }
            },
            "notification-url": "https://packagist.org/downloads/",
            "license": [
                "MIT"
            ],
            "description": "Parser for .gitignore (and sparse-checkout, and anything else using the same format) files",
            "time": "2019-04-19T19:16:58+00:00"
        }
    ],
    "packages-dev": [],
    "aliases": [],
    "minimum-stability": "stable",
    "stability-flags": [],
    "prefer-stable": false,
    "prefer-lowest": false,
    "platform": [],
    "platform-dev": [],
    "platform-overrides": {
        "php": "7.1"
    },
    "plugin-api-version": "1.1.0"
}
